// !$*UTF8*$!
{
	archiveVersion = 1;
	classes = {
	};
	objectVersion = 50;
	objects = {

/* Begin PBXBuildFile section */
		49061A70213E6D840066EB7B /* AppDelegate.swift in Sources */ = {isa = PBXBuildFile; fileRef = 49061A6F213E6D840066EB7B /* AppDelegate.swift */; };
		49061A72213E6D840066EB7B /* ViewController.swift in Sources */ = {isa = PBXBuildFile; fileRef = 49061A71213E6D840066EB7B /* ViewController.swift */; };
		49061A77213E6D860066EB7B /* Assets.xcassets in Resources */ = {isa = PBXBuildFile; fileRef = 49061A76213E6D860066EB7B /* Assets.xcassets */; };
		49061A7A213E6D860066EB7B /* LaunchScreen.storyboard in Resources */ = {isa = PBXBuildFile; fileRef = 49061A78213E6D860066EB7B /* LaunchScreen.storyboard */; };
		49061A85213E6D870066EB7B /* HouseTests.swift in Sources */ = {isa = PBXBuildFile; fileRef = 49061A84213E6D870066EB7B /* HouseTests.swift */; };
		49061A90213E6D870066EB7B /* HouseUITests.swift in Sources */ = {isa = PBXBuildFile; fileRef = 49061A8F213E6D870066EB7B /* HouseUITests.swift */; };
		49C423E52142E96C003D2756 /* FixtureProperties.swift in Sources */ = {isa = PBXBuildFile; fileRef = 49C423E42142E96C003D2756 /* FixtureProperties.swift */; };
		49E68AD92142DB270088FC26 /* Info.plist in Resources */ = {isa = PBXBuildFile; fileRef = 49E68AD82142DB270088FC26 /* Info.plist */; };
		49E68ADB2142DB640088FC26 /* Config.swift in Sources */ = {isa = PBXBuildFile; fileRef = 49E68ADA2142DB640088FC26 /* Config.swift */; };
		49E68AE02142E1B50088FC26 /* CardTableViewCell.xib in Resources */ = {isa = PBXBuildFile; fileRef = 49E68ADE2142E1B50088FC26 /* CardTableViewCell.xib */; };
		49E68AE12142E1B50088FC26 /* CardTableViewCell.swift in Sources */ = {isa = PBXBuildFile; fileRef = 49E68ADF2142E1B50088FC26 /* CardTableViewCell.swift */; };
		49E68AE52142E4260088FC26 /* HomeViewController.swift in Sources */ = {isa = PBXBuildFile; fileRef = 49E68AE42142E4260088FC26 /* HomeViewController.swift */; };
		49E68AE72142E4430088FC26 /* HomeViewModel.swift in Sources */ = {isa = PBXBuildFile; fileRef = 49E68AE62142E4430088FC26 /* HomeViewModel.swift */; };
		49E68AE92142E4610088FC26 /* SessionManager.swift in Sources */ = {isa = PBXBuildFile; fileRef = 49E68AE82142E4610088FC26 /* SessionManager.swift */; };
		49E68AEB2142E4780088FC26 /* APIManager.swift in Sources */ = {isa = PBXBuildFile; fileRef = 49E68AEA2142E4770088FC26 /* APIManager.swift */; };
		49E68AED2142E5420088FC26 /* Main.storyboard in Resources */ = {isa = PBXBuildFile; fileRef = 49E68AEC2142E5420088FC26 /* Main.storyboard */; };
		B0CC7E0978FE5F25648C6240 /* Pods_HouseUITests.framework in Frameworks */ = {isa = PBXBuildFile; fileRef = 26B2BD8D13A88D49F2D014B9 /* Pods_HouseUITests.framework */; };
		D344750E392FFE47F2FD5A08 /* Pods_House.framework in Frameworks */ = {isa = PBXBuildFile; fileRef = 53CEEF05878E552834D5450C /* Pods_House.framework */; };
		F9BDAF522C530774E7A3369C /* Pods_HouseTests.framework in Frameworks */ = {isa = PBXBuildFile; fileRef = A3DC8BA9BA106606D9EB7A49 /* Pods_HouseTests.framework */; };
/* End PBXBuildFile section */

/* Begin PBXContainerItemProxy section */
		49061A81213E6D870066EB7B /* PBXContainerItemProxy */ = {
			isa = PBXContainerItemProxy;
			containerPortal = 49061A64213E6D840066EB7B /* Project object */;
			proxyType = 1;
			remoteGlobalIDString = 49061A6B213E6D840066EB7B;
			remoteInfo = House;
		};
		49061A8C213E6D870066EB7B /* PBXContainerItemProxy */ = {
			isa = PBXContainerItemProxy;
			containerPortal = 49061A64213E6D840066EB7B /* Project object */;
			proxyType = 1;
			remoteGlobalIDString = 49061A6B213E6D840066EB7B;
			remoteInfo = House;
		};
/* End PBXContainerItemProxy section */

/* Begin PBXFileReference section */
		10349FF2A34E51B748523F85 /* Pods-HouseTests.debug.xcconfig */ = {isa = PBXFileReference; includeInIndex = 1; lastKnownFileType = text.xcconfig; name = "Pods-HouseTests.debug.xcconfig"; path = "Pods/Target Support Files/Pods-HouseTests/Pods-HouseTests.debug.xcconfig"; sourceTree = "<group>"; };
		117649B379ACD4ADF1FCFF4D /* Pods-HouseUITests.release.xcconfig */ = {isa = PBXFileReference; includeInIndex = 1; lastKnownFileType = text.xcconfig; name = "Pods-HouseUITests.release.xcconfig"; path = "Pods/Target Support Files/Pods-HouseUITests/Pods-HouseUITests.release.xcconfig"; sourceTree = "<group>"; };
		25358CC6CE9FEAE03911B984 /* Pods-House.release.xcconfig */ = {isa = PBXFileReference; includeInIndex = 1; lastKnownFileType = text.xcconfig; name = "Pods-House.release.xcconfig"; path = "Pods/Target Support Files/Pods-House/Pods-House.release.xcconfig"; sourceTree = "<group>"; };
		26B2BD8D13A88D49F2D014B9 /* Pods_HouseUITests.framework */ = {isa = PBXFileReference; explicitFileType = wrapper.framework; includeInIndex = 0; path = Pods_HouseUITests.framework; sourceTree = BUILT_PRODUCTS_DIR; };
		49061A6C213E6D840066EB7B /* House.app */ = {isa = PBXFileReference; explicitFileType = wrapper.application; includeInIndex = 0; path = House.app; sourceTree = BUILT_PRODUCTS_DIR; };
		49061A6F213E6D840066EB7B /* AppDelegate.swift */ = {isa = PBXFileReference; lastKnownFileType = sourcecode.swift; path = AppDelegate.swift; sourceTree = "<group>"; };
		49061A71213E6D840066EB7B /* ViewController.swift */ = {isa = PBXFileReference; lastKnownFileType = sourcecode.swift; path = ViewController.swift; sourceTree = "<group>"; };
		49061A76213E6D860066EB7B /* Assets.xcassets */ = {isa = PBXFileReference; lastKnownFileType = folder.assetcatalog; path = Assets.xcassets; sourceTree = "<group>"; };
		49061A79213E6D860066EB7B /* Base */ = {isa = PBXFileReference; lastKnownFileType = file.storyboard; name = Base; path = Base.lproj/LaunchScreen.storyboard; sourceTree = "<group>"; };
		49061A80213E6D870066EB7B /* HouseTests.xctest */ = {isa = PBXFileReference; explicitFileType = wrapper.cfbundle; includeInIndex = 0; path = HouseTests.xctest; sourceTree = BUILT_PRODUCTS_DIR; };
		49061A84213E6D870066EB7B /* HouseTests.swift */ = {isa = PBXFileReference; lastKnownFileType = sourcecode.swift; path = HouseTests.swift; sourceTree = "<group>"; };
		49061A86213E6D870066EB7B /* Info.plist */ = {isa = PBXFileReference; lastKnownFileType = text.plist.xml; path = Info.plist; sourceTree = "<group>"; };
		49061A8B213E6D870066EB7B /* HouseUITests.xctest */ = {isa = PBXFileReference; explicitFileType = wrapper.cfbundle; includeInIndex = 0; path = HouseUITests.xctest; sourceTree = BUILT_PRODUCTS_DIR; };
		49061A8F213E6D870066EB7B /* HouseUITests.swift */ = {isa = PBXFileReference; lastKnownFileType = sourcecode.swift; path = HouseUITests.swift; sourceTree = "<group>"; };
		49061A91213E6D870066EB7B /* Info.plist */ = {isa = PBXFileReference; lastKnownFileType = text.plist.xml; path = Info.plist; sourceTree = "<group>"; };
		49C423E42142E96C003D2756 /* FixtureProperties.swift */ = {isa = PBXFileReference; fileEncoding = 4; lastKnownFileType = sourcecode.swift; path = FixtureProperties.swift; sourceTree = "<group>"; };
		49E68AD82142DB270088FC26 /* Info.plist */ = {isa = PBXFileReference; fileEncoding = 4; lastKnownFileType = text.plist.xml; path = Info.plist; sourceTree = "<group>"; };
		49E68ADA2142DB640088FC26 /* Config.swift */ = {isa = PBXFileReference; lastKnownFileType = sourcecode.swift; path = Config.swift; sourceTree = "<group>"; };
		49E68ADE2142E1B50088FC26 /* CardTableViewCell.xib */ = {isa = PBXFileReference; fileEncoding = 4; lastKnownFileType = file.xib; path = CardTableViewCell.xib; sourceTree = "<group>"; };
		49E68ADF2142E1B50088FC26 /* CardTableViewCell.swift */ = {isa = PBXFileReference; fileEncoding = 4; lastKnownFileType = sourcecode.swift; path = CardTableViewCell.swift; sourceTree = "<group>"; };
		49E68AE42142E4260088FC26 /* HomeViewController.swift */ = {isa = PBXFileReference; fileEncoding = 4; lastKnownFileType = sourcecode.swift; path = HomeViewController.swift; sourceTree = "<group>"; };
		49E68AE62142E4430088FC26 /* HomeViewModel.swift */ = {isa = PBXFileReference; fileEncoding = 4; lastKnownFileType = sourcecode.swift; path = HomeViewModel.swift; sourceTree = "<group>"; };
		49E68AE82142E4610088FC26 /* SessionManager.swift */ = {isa = PBXFileReference; fileEncoding = 4; lastKnownFileType = sourcecode.swift; path = SessionManager.swift; sourceTree = "<group>"; };
		49E68AEA2142E4770088FC26 /* APIManager.swift */ = {isa = PBXFileReference; fileEncoding = 4; lastKnownFileType = sourcecode.swift; path = APIManager.swift; sourceTree = "<group>"; };
		49E68AEC2142E5420088FC26 /* Main.storyboard */ = {isa = PBXFileReference; fileEncoding = 4; lastKnownFileType = file.storyboard; name = Main.storyboard; path = Base.lproj/Main.storyboard; sourceTree = "<group>"; };
		53CEEF05878E552834D5450C /* Pods_House.framework */ = {isa = PBXFileReference; explicitFileType = wrapper.framework; includeInIndex = 0; path = Pods_House.framework; sourceTree = BUILT_PRODUCTS_DIR; };
		759E3394380BC8DFE984E6F3 /* Pods-House.debug.xcconfig */ = {isa = PBXFileReference; includeInIndex = 1; lastKnownFileType = text.xcconfig; name = "Pods-House.debug.xcconfig"; path = "Pods/Target Support Files/Pods-House/Pods-House.debug.xcconfig"; sourceTree = "<group>"; };
		89BECE2006F79635A80384C1 /* Pods-HouseTests.release.xcconfig */ = {isa = PBXFileReference; includeInIndex = 1; lastKnownFileType = text.xcconfig; name = "Pods-HouseTests.release.xcconfig"; path = "Pods/Target Support Files/Pods-HouseTests/Pods-HouseTests.release.xcconfig"; sourceTree = "<group>"; };
		A3DC8BA9BA106606D9EB7A49 /* Pods_HouseTests.framework */ = {isa = PBXFileReference; explicitFileType = wrapper.framework; includeInIndex = 0; path = Pods_HouseTests.framework; sourceTree = BUILT_PRODUCTS_DIR; };
		B617B8310BB495531801C0D3 /* Pods-HouseUITests.debug.xcconfig */ = {isa = PBXFileReference; includeInIndex = 1; lastKnownFileType = text.xcconfig; name = "Pods-HouseUITests.debug.xcconfig"; path = "Pods/Target Support Files/Pods-HouseUITests/Pods-HouseUITests.debug.xcconfig"; sourceTree = "<group>"; };
/* End PBXFileReference section */

/* Begin PBXFrameworksBuildPhase section */
		49061A69213E6D840066EB7B /* Frameworks */ = {
			isa = PBXFrameworksBuildPhase;
			buildActionMask = 2147483647;
			files = (
				D344750E392FFE47F2FD5A08 /* Pods_House.framework in Frameworks */,
			);
			runOnlyForDeploymentPostprocessing = 0;
		};
		49061A7D213E6D870066EB7B /* Frameworks */ = {
			isa = PBXFrameworksBuildPhase;
			buildActionMask = 2147483647;
			files = (
				F9BDAF522C530774E7A3369C /* Pods_HouseTests.framework in Frameworks */,
			);
			runOnlyForDeploymentPostprocessing = 0;
		};
		49061A88213E6D870066EB7B /* Frameworks */ = {
			isa = PBXFrameworksBuildPhase;
			buildActionMask = 2147483647;
			files = (
				B0CC7E0978FE5F25648C6240 /* Pods_HouseUITests.framework in Frameworks */,
			);
			runOnlyForDeploymentPostprocessing = 0;
		};
/* End PBXFrameworksBuildPhase section */

/* Begin PBXGroup section */
		49061A63213E6D840066EB7B = {
			isa = PBXGroup;
			children = (
				49061A6E213E6D840066EB7B /* House */,
				49061A83213E6D870066EB7B /* HouseTests */,
				49061A8E213E6D870066EB7B /* HouseUITests */,
				49061A6D213E6D840066EB7B /* Products */,
				86825E3AC730DE99699574F0 /* Pods */,
				B7618B3A099F15CFB5609D4A /* Frameworks */,
			);
			sourceTree = "<group>";
		};
		49061A6D213E6D840066EB7B /* Products */ = {
			isa = PBXGroup;
			children = (
				49061A6C213E6D840066EB7B /* House.app */,
				49061A80213E6D870066EB7B /* HouseTests.xctest */,
				49061A8B213E6D870066EB7B /* HouseUITests.xctest */,
			);
			name = Products;
			sourceTree = "<group>";
		};
		49061A6E213E6D840066EB7B /* House */ = {
			isa = PBXGroup;
			children = (
				49E68AD12142DA100088FC26 /* Models */,
				49E68AD02142DA090088FC26 /* View Models */,
				49E68ACF2142DA040088FC26 /* Views */,
				49E68ACE2142D9FB0088FC26 /* View Controllers */,
				49E68ACD2142D9F20088FC26 /* Manager */,
				49061A6F213E6D840066EB7B /* AppDelegate.swift */,
				49061A71213E6D840066EB7B /* ViewController.swift */,
				49061A76213E6D860066EB7B /* Assets.xcassets */,
				49E68AEC2142E5420088FC26 /* Main.storyboard */,
				49061A78213E6D860066EB7B /* LaunchScreen.storyboard */,
				49E68AD82142DB270088FC26 /* Info.plist */,
				49E68ADA2142DB640088FC26 /* Config.swift */,
			);
			path = House;
			sourceTree = "<group>";
		};
		49061A83213E6D870066EB7B /* HouseTests */ = {
			isa = PBXGroup;
			children = (
				49061A84213E6D870066EB7B /* HouseTests.swift */,
				49061A86213E6D870066EB7B /* Info.plist */,
			);
			path = HouseTests;
			sourceTree = "<group>";
		};
		49061A8E213E6D870066EB7B /* HouseUITests */ = {
			isa = PBXGroup;
			children = (
				49061A8F213E6D870066EB7B /* HouseUITests.swift */,
				49061A91213E6D870066EB7B /* Info.plist */,
			);
			path = HouseUITests;
			sourceTree = "<group>";
		};
		49E68ACD2142D9F20088FC26 /* Manager */ = {
			isa = PBXGroup;
			children = (
				49E68AEA2142E4770088FC26 /* APIManager.swift */,
				49E68AE82142E4610088FC26 /* SessionManager.swift */,
			);
			path = Manager;
			sourceTree = "<group>";
		};
		49E68ACE2142D9FB0088FC26 /* View Controllers */ = {
			isa = PBXGroup;
			children = (
				49E68AE42142E4260088FC26 /* HomeViewController.swift */,
			);
			path = "View Controllers";
			sourceTree = "<group>";
		};
		49E68ACF2142DA040088FC26 /* Views */ = {
			isa = PBXGroup;
			children = (
				49E68ADF2142E1B50088FC26 /* CardTableViewCell.swift */,
				49E68ADE2142E1B50088FC26 /* CardTableViewCell.xib */,
			);
			path = Views;
			sourceTree = "<group>";
		};
		49E68AD02142DA090088FC26 /* View Models */ = {
			isa = PBXGroup;
			children = (
				49E68AE62142E4430088FC26 /* HomeViewModel.swift */,
			);
			path = "View Models";
			sourceTree = "<group>";
		};
		49E68AD12142DA100088FC26 /* Models */ = {
			isa = PBXGroup;
			children = (
				49C423E42142E96C003D2756 /* FixtureProperties.swift */,
			);
			path = Models;
			sourceTree = "<group>";
		};
		86825E3AC730DE99699574F0 /* Pods */ = {
			isa = PBXGroup;
			children = (
				759E3394380BC8DFE984E6F3 /* Pods-House.debug.xcconfig */,
				25358CC6CE9FEAE03911B984 /* Pods-House.release.xcconfig */,
				10349FF2A34E51B748523F85 /* Pods-HouseTests.debug.xcconfig */,
				89BECE2006F79635A80384C1 /* Pods-HouseTests.release.xcconfig */,
				B617B8310BB495531801C0D3 /* Pods-HouseUITests.debug.xcconfig */,
				117649B379ACD4ADF1FCFF4D /* Pods-HouseUITests.release.xcconfig */,
			);
			name = Pods;
			sourceTree = "<group>";
		};
		B7618B3A099F15CFB5609D4A /* Frameworks */ = {
			isa = PBXGroup;
			children = (
				53CEEF05878E552834D5450C /* Pods_House.framework */,
				A3DC8BA9BA106606D9EB7A49 /* Pods_HouseTests.framework */,
				26B2BD8D13A88D49F2D014B9 /* Pods_HouseUITests.framework */,
			);
			name = Frameworks;
			sourceTree = "<group>";
		};
/* End PBXGroup section */

/* Begin PBXNativeTarget section */
		49061A6B213E6D840066EB7B /* House */ = {
			isa = PBXNativeTarget;
			buildConfigurationList = 49061A94213E6D870066EB7B /* Build configuration list for PBXNativeTarget "House" */;
			buildPhases = (
				368B50A0A5687CF1CC983769 /* [CP] Check Pods Manifest.lock */,
				49061A68213E6D840066EB7B /* Sources */,
				49061A69213E6D840066EB7B /* Frameworks */,
				49061A6A213E6D840066EB7B /* Resources */,
				408E6064B3AD0287756F5002 /* [CP] Embed Pods Frameworks */,
			);
			buildRules = (
			);
			dependencies = (
			);
			name = House;
			productName = House;
			productReference = 49061A6C213E6D840066EB7B /* House.app */;
			productType = "com.apple.product-type.application";
		};
		49061A7F213E6D870066EB7B /* HouseTests */ = {
			isa = PBXNativeTarget;
			buildConfigurationList = 49061A97213E6D870066EB7B /* Build configuration list for PBXNativeTarget "HouseTests" */;
			buildPhases = (
				F75438507253F25C91C13A7E /* [CP] Check Pods Manifest.lock */,
				49061A7C213E6D870066EB7B /* Sources */,
				49061A7D213E6D870066EB7B /* Frameworks */,
				49061A7E213E6D870066EB7B /* Resources */,
			);
			buildRules = (
			);
			dependencies = (
				49061A82213E6D870066EB7B /* PBXTargetDependency */,
			);
			name = HouseTests;
			productName = HouseTests;
			productReference = 49061A80213E6D870066EB7B /* HouseTests.xctest */;
			productType = "com.apple.product-type.bundle.unit-test";
		};
		49061A8A213E6D870066EB7B /* HouseUITests */ = {
			isa = PBXNativeTarget;
			buildConfigurationList = 49061A9A213E6D870066EB7B /* Build configuration list for PBXNativeTarget "HouseUITests" */;
			buildPhases = (
				E01D222128AC1C7BF8F6C060 /* [CP] Check Pods Manifest.lock */,
				49061A87213E6D870066EB7B /* Sources */,
				49061A88213E6D870066EB7B /* Frameworks */,
				49061A89213E6D870066EB7B /* Resources */,
			);
			buildRules = (
			);
			dependencies = (
				49061A8D213E6D870066EB7B /* PBXTargetDependency */,
			);
			name = HouseUITests;
			productName = HouseUITests;
			productReference = 49061A8B213E6D870066EB7B /* HouseUITests.xctest */;
			productType = "com.apple.product-type.bundle.ui-testing";
		};
/* End PBXNativeTarget section */

/* Begin PBXProject section */
		49061A64213E6D840066EB7B /* Project object */ = {
			isa = PBXProject;
			attributes = {
				LastSwiftUpdateCheck = 0940;
				LastUpgradeCheck = 0940;
				ORGANIZATIONNAME = andrew;
				TargetAttributes = {
					49061A6B213E6D840066EB7B = {
						CreatedOnToolsVersion = 9.4.1;
					};
					49061A7F213E6D870066EB7B = {
						CreatedOnToolsVersion = 9.4.1;
						TestTargetID = 49061A6B213E6D840066EB7B;
					};
					49061A8A213E6D870066EB7B = {
						CreatedOnToolsVersion = 9.4.1;
						TestTargetID = 49061A6B213E6D840066EB7B;
					};
				};
			};
			buildConfigurationList = 49061A67213E6D840066EB7B /* Build configuration list for PBXProject "House" */;
			compatibilityVersion = "Xcode 9.3";
			developmentRegion = en;
			hasScannedForEncodings = 0;
			knownRegions = (
				en,
				Base,
			);
			mainGroup = 49061A63213E6D840066EB7B;
			productRefGroup = 49061A6D213E6D840066EB7B /* Products */;
			projectDirPath = "";
			projectRoot = "";
			targets = (
				49061A6B213E6D840066EB7B /* House */,
				49061A7F213E6D870066EB7B /* HouseTests */,
				49061A8A213E6D870066EB7B /* HouseUITests */,
			);
		};
/* End PBXProject section */

/* Begin PBXResourcesBuildPhase section */
		49061A6A213E6D840066EB7B /* Resources */ = {
			isa = PBXResourcesBuildPhase;
			buildActionMask = 2147483647;
			files = (
				49E68AD92142DB270088FC26 /* Info.plist in Resources */,
				49E68AED2142E5420088FC26 /* Main.storyboard in Resources */,
				49061A7A213E6D860066EB7B /* LaunchScreen.storyboard in Resources */,
				49E68AE02142E1B50088FC26 /* CardTableViewCell.xib in Resources */,
				49061A77213E6D860066EB7B /* Assets.xcassets in Resources */,
			);
			runOnlyForDeploymentPostprocessing = 0;
		};
		49061A7E213E6D870066EB7B /* Resources */ = {
			isa = PBXResourcesBuildPhase;
			buildActionMask = 2147483647;
			files = (
			);
			runOnlyForDeploymentPostprocessing = 0;
		};
		49061A89213E6D870066EB7B /* Resources */ = {
			isa = PBXResourcesBuildPhase;
			buildActionMask = 2147483647;
			files = (
			);
			runOnlyForDeploymentPostprocessing = 0;
		};
/* End PBXResourcesBuildPhase section */

/* Begin PBXShellScriptBuildPhase section */
		368B50A0A5687CF1CC983769 /* [CP] Check Pods Manifest.lock */ = {
			isa = PBXShellScriptBuildPhase;
			buildActionMask = 2147483647;
			files = (
			);
			inputPaths = (
				"${PODS_PODFILE_DIR_PATH}/Podfile.lock",
				"${PODS_ROOT}/Manifest.lock",
			);
			name = "[CP] Check Pods Manifest.lock";
			outputPaths = (
				"$(DERIVED_FILE_DIR)/Pods-House-checkManifestLockResult.txt",
			);
			runOnlyForDeploymentPostprocessing = 0;
			shellPath = /bin/sh;
			shellScript = "diff \"${PODS_PODFILE_DIR_PATH}/Podfile.lock\" \"${PODS_ROOT}/Manifest.lock\" > /dev/null\nif [ $? != 0 ] ; then\n    # print error to STDERR\n    echo \"error: The sandbox is not in sync with the Podfile.lock. Run 'pod install' or update your CocoaPods installation.\" >&2\n    exit 1\nfi\n# This output is used by Xcode 'outputs' to avoid re-running this script phase.\necho \"SUCCESS\" > \"${SCRIPT_OUTPUT_FILE_0}\"\n";
			showEnvVarsInLog = 0;
		};
		408E6064B3AD0287756F5002 /* [CP] Embed Pods Frameworks */ = {
			isa = PBXShellScriptBuildPhase;
			buildActionMask = 2147483647;
			files = (
			);
			inputPaths = (
				"${SRCROOT}/Pods/Target Support Files/Pods-House/Pods-House-frameworks.sh",
				"${BUILT_PRODUCTS_DIR}/Alamofire/Alamofire.framework",
				"${BUILT_PRODUCTS_DIR}/DZNEmptyDataSet/DZNEmptyDataSet.framework",
				"${BUILT_PRODUCTS_DIR}/KeychainAccess/KeychainAccess.framework",
				"${BUILT_PRODUCTS_DIR}/ObjectMapper/ObjectMapper.framework",
				"${BUILT_PRODUCTS_DIR}/Reachability/Reachability.framework",
				"${BUILT_PRODUCTS_DIR}/Realm/Realm.framework",
				"${BUILT_PRODUCTS_DIR}/RealmSwift/RealmSwift.framework",
				"${BUILT_PRODUCTS_DIR}/RxCocoa/RxCocoa.framework",
				"${BUILT_PRODUCTS_DIR}/RxSwift/RxSwift.framework",
				"${BUILT_PRODUCTS_DIR}/SnapKit/SnapKit.framework",
				"${BUILT_PRODUCTS_DIR}/SwiftyJSON/SwiftyJSON.framework",
			);
			name = "[CP] Embed Pods Frameworks";
			outputPaths = (
				"${TARGET_BUILD_DIR}/${FRAMEWORKS_FOLDER_PATH}/Alamofire.framework",
				"${TARGET_BUILD_DIR}/${FRAMEWORKS_FOLDER_PATH}/DZNEmptyDataSet.framework",
				"${TARGET_BUILD_DIR}/${FRAMEWORKS_FOLDER_PATH}/KeychainAccess.framework",
				"${TARGET_BUILD_DIR}/${FRAMEWORKS_FOLDER_PATH}/ObjectMapper.framework",
				"${TARGET_BUILD_DIR}/${FRAMEWORKS_FOLDER_PATH}/Reachability.framework",
				"${TARGET_BUILD_DIR}/${FRAMEWORKS_FOLDER_PATH}/Realm.framework",
				"${TARGET_BUILD_DIR}/${FRAMEWORKS_FOLDER_PATH}/RealmSwift.framework",
				"${TARGET_BUILD_DIR}/${FRAMEWORKS_FOLDER_PATH}/RxCocoa.framework",
				"${TARGET_BUILD_DIR}/${FRAMEWORKS_FOLDER_PATH}/RxSwift.framework",
				"${TARGET_BUILD_DIR}/${FRAMEWORKS_FOLDER_PATH}/SnapKit.framework",
				"${TARGET_BUILD_DIR}/${FRAMEWORKS_FOLDER_PATH}/SwiftyJSON.framework",
			);
			runOnlyForDeploymentPostprocessing = 0;
			shellPath = /bin/sh;
			shellScript = "\"${SRCROOT}/Pods/Target Support Files/Pods-House/Pods-House-frameworks.sh\"\n";
			showEnvVarsInLog = 0;
		};
		E01D222128AC1C7BF8F6C060 /* [CP] Check Pods Manifest.lock */ = {
			isa = PBXShellScriptBuildPhase;
			buildActionMask = 2147483647;
			files = (
			);
			inputPaths = (
				"${PODS_PODFILE_DIR_PATH}/Podfile.lock",
				"${PODS_ROOT}/Manifest.lock",
			);
			name = "[CP] Check Pods Manifest.lock";
			outputPaths = (
				"$(DERIVED_FILE_DIR)/Pods-HouseUITests-checkManifestLockResult.txt",
			);
			runOnlyForDeploymentPostprocessing = 0;
			shellPath = /bin/sh;
			shellScript = "diff \"${PODS_PODFILE_DIR_PATH}/Podfile.lock\" \"${PODS_ROOT}/Manifest.lock\" > /dev/null\nif [ $? != 0 ] ; then\n    # print error to STDERR\n    echo \"error: The sandbox is not in sync with the Podfile.lock. Run 'pod install' or update your CocoaPods installation.\" >&2\n    exit 1\nfi\n# This output is used by Xcode 'outputs' to avoid re-running this script phase.\necho \"SUCCESS\" > \"${SCRIPT_OUTPUT_FILE_0}\"\n";
			showEnvVarsInLog = 0;
		};
		F75438507253F25C91C13A7E /* [CP] Check Pods Manifest.lock */ = {
			isa = PBXShellScriptBuildPhase;
			buildActionMask = 2147483647;
			files = (
			);
			inputPaths = (
				"${PODS_PODFILE_DIR_PATH}/Podfile.lock",
				"${PODS_ROOT}/Manifest.lock",
			);
			name = "[CP] Check Pods Manifest.lock";
			outputPaths = (
				"$(DERIVED_FILE_DIR)/Pods-HouseTests-checkManifestLockResult.txt",
			);
			runOnlyForDeploymentPostprocessing = 0;
			shellPath = /bin/sh;
			shellScript = "diff \"${PODS_PODFILE_DIR_PATH}/Podfile.lock\" \"${PODS_ROOT}/Manifest.lock\" > /dev/null\nif [ $? != 0 ] ; then\n    # print error to STDERR\n    echo \"error: The sandbox is not in sync with the Podfile.lock. Run 'pod install' or update your CocoaPods installation.\" >&2\n    exit 1\nfi\n# This output is used by Xcode 'outputs' to avoid re-running this script phase.\necho \"SUCCESS\" > \"${SCRIPT_OUTPUT_FILE_0}\"\n";
			showEnvVarsInLog = 0;
		};
/* End PBXShellScriptBuildPhase section */

/* Begin PBXSourcesBuildPhase section */
		49061A68213E6D840066EB7B /* Sources */ = {
			isa = PBXSourcesBuildPhase;
			buildActionMask = 2147483647;
			files = (
				49E68AEB2142E4780088FC26 /* APIManager.swift in Sources */,
				49E68AE52142E4260088FC26 /* HomeViewController.swift in Sources */,
				49E68AE72142E4430088FC26 /* HomeViewModel.swift in Sources */,
				49061A72213E6D840066EB7B /* ViewController.swift in Sources */,
				49061A70213E6D840066EB7B /* AppDelegate.swift in Sources */,
				49E68ADB2142DB640088FC26 /* Config.swift in Sources */,
				49E68AE12142E1B50088FC26 /* CardTableViewCell.swift in Sources */,
				49E68AE92142E4610088FC26 /* SessionManager.swift in Sources */,
				49C423E52142E96C003D2756 /* FixtureProperties.swift in Sources */,
			);
			runOnlyForDeploymentPostprocessing = 0;
		};
		49061A7C213E6D870066EB7B /* Sources */ = {
			isa = PBXSourcesBuildPhase;
			buildActionMask = 2147483647;
			files = (
				49061A85213E6D870066EB7B /* HouseTests.swift in Sources */,
			);
			runOnlyForDeploymentPostprocessing = 0;
		};
		49061A87213E6D870066EB7B /* Sources */ = {
			isa = PBXSourcesBuildPhase;
			buildActionMask = 2147483647;
			files = (
				49061A90213E6D870066EB7B /* HouseUITests.swift in Sources */,
			);
			runOnlyForDeploymentPostprocessing = 0;
		};
/* End PBXSourcesBuildPhase section */

/* Begin PBXTargetDependency section */
		49061A82213E6D870066EB7B /* PBXTargetDependency */ = {
			isa = PBXTargetDependency;
			target = 49061A6B213E6D840066EB7B /* House */;
			targetProxy = 49061A81213E6D870066EB7B /* PBXContainerItemProxy */;
		};
		49061A8D213E6D870066EB7B /* PBXTargetDependency */ = {
			isa = PBXTargetDependency;
			target = 49061A6B213E6D840066EB7B /* House */;
			targetProxy = 49061A8C213E6D870066EB7B /* PBXContainerItemProxy */;
		};
/* End PBXTargetDependency section */

/* Begin PBXVariantGroup section */
		49061A78213E6D860066EB7B /* LaunchScreen.storyboard */ = {
			isa = PBXVariantGroup;
			children = (
				49061A79213E6D860066EB7B /* Base */,
			);
			name = LaunchScreen.storyboard;
			sourceTree = "<group>";
		};
/* End PBXVariantGroup section */

/* Begin XCBuildConfiguration section */
		49061A92213E6D870066EB7B /* Debug */ = {
			isa = XCBuildConfiguration;
			buildSettings = {
				ALWAYS_SEARCH_USER_PATHS = NO;
				CLANG_ANALYZER_NONNULL = YES;
				CLANG_ANALYZER_NUMBER_OBJECT_CONVERSION = YES_AGGRESSIVE;
				CLANG_CXX_LANGUAGE_STANDARD = "gnu++14";
				CLANG_CXX_LIBRARY = "libc++";
				CLANG_ENABLE_MODULES = YES;
				CLANG_ENABLE_OBJC_ARC = YES;
				CLANG_ENABLE_OBJC_WEAK = YES;
				CLANG_WARN_BLOCK_CAPTURE_AUTORELEASING = YES;
				CLANG_WARN_BOOL_CONVERSION = YES;
				CLANG_WARN_COMMA = YES;
				CLANG_WARN_CONSTANT_CONVERSION = YES;
				CLANG_WARN_DEPRECATED_OBJC_IMPLEMENTATIONS = YES;
				CLANG_WARN_DIRECT_OBJC_ISA_USAGE = YES_ERROR;
				CLANG_WARN_DOCUMENTATION_COMMENTS = YES;
				CLANG_WARN_EMPTY_BODY = YES;
				CLANG_WARN_ENUM_CONVERSION = YES;
				CLANG_WARN_INFINITE_RECURSION = YES;
				CLANG_WARN_INT_CONVERSION = YES;
				CLANG_WARN_NON_LITERAL_NULL_CONVERSION = YES;
				CLANG_WARN_OBJC_IMPLICIT_RETAIN_SELF = YES;
				CLANG_WARN_OBJC_LITERAL_CONVERSION = YES;
				CLANG_WARN_OBJC_ROOT_CLASS = YES_ERROR;
				CLANG_WARN_RANGE_LOOP_ANALYSIS = YES;
				CLANG_WARN_STRICT_PROTOTYPES = YES;
				CLANG_WARN_SUSPICIOUS_MOVE = YES;
				CLANG_WARN_UNGUARDED_AVAILABILITY = YES_AGGRESSIVE;
				CLANG_WARN_UNREACHABLE_CODE = YES;
				CLANG_WARN__DUPLICATE_METHOD_MATCH = YES;
				CODE_SIGN_IDENTITY = "iPhone Developer";
				COPY_PHASE_STRIP = NO;
				DEBUG_INFORMATION_FORMAT = dwarf;
				ENABLE_STRICT_OBJC_MSGSEND = YES;
				ENABLE_TESTABILITY = YES;
				GCC_C_LANGUAGE_STANDARD = gnu11;
				GCC_DYNAMIC_NO_PIC = NO;
				GCC_NO_COMMON_BLOCKS = YES;
				GCC_OPTIMIZATION_LEVEL = 0;
				GCC_PREPROCESSOR_DEFINITIONS = (
					"DEBUG=1",
					"$(inherited)",
				);
				GCC_WARN_64_TO_32_BIT_CONVERSION = YES;
				GCC_WARN_ABOUT_RETURN_TYPE = YES_ERROR;
				GCC_WARN_UNDECLARED_SELECTOR = YES;
				GCC_WARN_UNINITIALIZED_AUTOS = YES_AGGRESSIVE;
				GCC_WARN_UNUSED_FUNCTION = YES;
				GCC_WARN_UNUSED_VARIABLE = YES;
				IPHONEOS_DEPLOYMENT_TARGET = 11.4;
				MTL_ENABLE_DEBUG_INFO = YES;
				ONLY_ACTIVE_ARCH = YES;
				SDKROOT = iphoneos;
				SWIFT_ACTIVE_COMPILATION_CONDITIONS = DEBUG;
				SWIFT_OPTIMIZATION_LEVEL = "-Onone";
			};
			name = Debug;
		};
		49061A93213E6D870066EB7B /* Release */ = {
			isa = XCBuildConfiguration;
			buildSettings = {
				ALWAYS_SEARCH_USER_PATHS = NO;
				CLANG_ANALYZER_NONNULL = YES;
				CLANG_ANALYZER_NUMBER_OBJECT_CONVERSION = YES_AGGRESSIVE;
				CLANG_CXX_LANGUAGE_STANDARD = "gnu++14";
				CLANG_CXX_LIBRARY = "libc++";
				CLANG_ENABLE_MODULES = YES;
				CLANG_ENABLE_OBJC_ARC = YES;
				CLANG_ENABLE_OBJC_WEAK = YES;
				CLANG_WARN_BLOCK_CAPTURE_AUTORELEASING = YES;
				CLANG_WARN_BOOL_CONVERSION = YES;
				CLANG_WARN_COMMA = YES;
				CLANG_WARN_CONSTANT_CONVERSION = YES;
				CLANG_WARN_DEPRECATED_OBJC_IMPLEMENTATIONS = YES;
				CLANG_WARN_DIRECT_OBJC_ISA_USAGE = YES_ERROR;
				CLANG_WARN_DOCUMENTATION_COMMENTS = YES;
				CLANG_WARN_EMPTY_BODY = YES;
				CLANG_WARN_ENUM_CONVERSION = YES;
				CLANG_WARN_INFINITE_RECURSION = YES;
				CLANG_WARN_INT_CONVERSION = YES;
				CLANG_WARN_NON_LITERAL_NULL_CONVERSION = YES;
				CLANG_WARN_OBJC_IMPLICIT_RETAIN_SELF = YES;
				CLANG_WARN_OBJC_LITERAL_CONVERSION = YES;
				CLANG_WARN_OBJC_ROOT_CLASS = YES_ERROR;
				CLANG_WARN_RANGE_LOOP_ANALYSIS = YES;
				CLANG_WARN_STRICT_PROTOTYPES = YES;
				CLANG_WARN_SUSPICIOUS_MOVE = YES;
				CLANG_WARN_UNGUARDED_AVAILABILITY = YES_AGGRESSIVE;
				CLANG_WARN_UNREACHABLE_CODE = YES;
				CLANG_WARN__DUPLICATE_METHOD_MATCH = YES;
				CODE_SIGN_IDENTITY = "iPhone Developer";
				COPY_PHASE_STRIP = NO;
				DEBUG_INFORMATION_FORMAT = "dwarf-with-dsym";
				ENABLE_NS_ASSERTIONS = NO;
				ENABLE_STRICT_OBJC_MSGSEND = YES;
				GCC_C_LANGUAGE_STANDARD = gnu11;
				GCC_NO_COMMON_BLOCKS = YES;
				GCC_WARN_64_TO_32_BIT_CONVERSION = YES;
				GCC_WARN_ABOUT_RETURN_TYPE = YES_ERROR;
				GCC_WARN_UNDECLARED_SELECTOR = YES;
				GCC_WARN_UNINITIALIZED_AUTOS = YES_AGGRESSIVE;
				GCC_WARN_UNUSED_FUNCTION = YES;
				GCC_WARN_UNUSED_VARIABLE = YES;
				IPHONEOS_DEPLOYMENT_TARGET = 11.4;
				MTL_ENABLE_DEBUG_INFO = NO;
				SDKROOT = iphoneos;
				SWIFT_COMPILATION_MODE = wholemodule;
				SWIFT_OPTIMIZATION_LEVEL = "-O";
				VALIDATE_PRODUCT = YES;
			};
			name = Release;
		};
		49061A95213E6D870066EB7B /* Debug */ = {
			isa = XCBuildConfiguration;
			baseConfigurationReference = 759E3394380BC8DFE984E6F3 /* Pods-House.debug.xcconfig */;
			buildSettings = {
				ASSETCATALOG_COMPILER_APPICON_NAME = AppIcon;
				CODE_SIGN_STYLE = Automatic;
				DEVELOPMENT_TEAM = D73629VFPN;
				INFOPLIST_FILE = House/Info.plist;
				LD_RUNPATH_SEARCH_PATHS = (
					"$(inherited)",
					"@executable_path/Frameworks",
				);
				PRODUCT_BUNDLE_IDENTIFIER = Wiz.House;
				PRODUCT_NAME = "$(TARGET_NAME)";
				SWIFT_VERSION = 4.0;
				TARGETED_DEVICE_FAMILY = "1,2";
			};
			name = Debug;
		};
		49061A96213E6D870066EB7B /* Release */ = {
			isa = XCBuildConfiguration;
			baseConfigurationReference = 25358CC6CE9FEAE03911B984 /* Pods-House.release.xcconfig */;
			buildSettings = {
				ASSETCATALOG_COMPILER_APPICON_NAME = AppIcon;
				CODE_SIGN_STYLE = Automatic;
				DEVELOPMENT_TEAM = D73629VFPN;
				INFOPLIST_FILE = House/Info.plist;
				LD_RUNPATH_SEARCH_PATHS = (
					"$(inherited)",
					"@executable_path/Frameworks",
				);
				PRODUCT_BUNDLE_IDENTIFIER = Wiz.House;
				PRODUCT_NAME = "$(TARGET_NAME)";
				SWIFT_VERSION = 4.0;
				TARGETED_DEVICE_FAMILY = "1,2";
			};
			name = Release;
		};
		49061A98213E6D870066EB7B /* Debug */ = {
			isa = XCBuildConfiguration;
			baseConfigurationReference = 10349FF2A34E51B748523F85 /* Pods-HouseTests.debug.xcconfig */;
			buildSettings = {
				ALWAYS_EMBED_SWIFT_STANDARD_LIBRARIES = YES;
				BUNDLE_LOADER = "$(TEST_HOST)";
				CODE_SIGN_STYLE = Automatic;
				DEVELOPMENT_TEAM = D73629VFPN;
				INFOPLIST_FILE = HouseTests/Info.plist;
				LD_RUNPATH_SEARCH_PATHS = (
					"$(inherited)",
					"@executable_path/Frameworks",
					"@loader_path/Frameworks",
				);
				PRODUCT_BUNDLE_IDENTIFIER = Wiz.HouseTests;
				PRODUCT_NAME = "$(TARGET_NAME)";
				SWIFT_VERSION = 4.0;
				TARGETED_DEVICE_FAMILY = "1,2";
				TEST_HOST = "$(BUILT_PRODUCTS_DIR)/House.app/House";
			};
			name = Debug;
		};
		49061A99213E6D870066EB7B /* Release */ = {
			isa = XCBuildConfiguration;
			baseConfigurationReference = 89BECE2006F79635A80384C1 /* Pods-HouseTests.release.xcconfig */;
			buildSettings = {
				ALWAYS_EMBED_SWIFT_STANDARD_LIBRARIES = YES;
				BUNDLE_LOADER = "$(TEST_HOST)";
				CODE_SIGN_STYLE = Automatic;
				DEVELOPMENT_TEAM = D73629VFPN;
				INFOPLIST_FILE = HouseTests/Info.plist;
				LD_RUNPATH_SEARCH_PATHS = (
					"$(inherited)",
					"@executable_path/Frameworks",
					"@loader_path/Frameworks",
				);
				PRODUCT_BUNDLE_IDENTIFIER = Wiz.HouseTests;
				PRODUCT_NAME = "$(TARGET_NAME)";
				SWIFT_VERSION = 4.0;
				TARGETED_DEVICE_FAMILY = "1,2";
				TEST_HOST = "$(BUILT_PRODUCTS_DIR)/House.app/House";
			};
			name = Release;
		};
		49061A9B213E6D870066EB7B /* Debug */ = {
			isa = XCBuildConfiguration;
			baseConfigurationReference = B617B8310BB495531801C0D3 /* Pods-HouseUITests.debug.xcconfig */;
			buildSettings = {
				ALWAYS_EMBED_SWIFT_STANDARD_LIBRARIES = YES;
				CODE_SIGN_STYLE = Automatic;
				DEVELOPMENT_TEAM = D73629VFPN;
				INFOPLIST_FILE = HouseUITests/Info.plist;
				LD_RUNPATH_SEARCH_PATHS = (
					"$(inherited)",
					"@executable_path/Frameworks",
					"@loader_path/Frameworks",
				);
				PRODUCT_BUNDLE_IDENTIFIER = Wiz.HouseUITests;
				PRODUCT_NAME = "$(TARGET_NAME)";
				SWIFT_VERSION = 4.0;
				TARGETED_DEVICE_FAMILY = "1,2";
				TEST_TARGET_NAME = House;
			};
			name = Debug;
		};
		49061A9C213E6D870066EB7B /* Release */ = {
			isa = XCBuildConfiguration;
			baseConfigurationReference = 117649B379ACD4ADF1FCFF4D /* Pods-HouseUITests.release.xcconfig */;
			buildSettings = {
				ALWAYS_EMBED_SWIFT_STANDARD_LIBRARIES = YES;
				CODE_SIGN_STYLE = Automatic;
				DEVELOPMENT_TEAM = D73629VFPN;
				INFOPLIST_FILE = HouseUITests/Info.plist;
				LD_RUNPATH_SEARCH_PATHS = (
					"$(inherited)",
					"@executable_path/Frameworks",
					"@loader_path/Frameworks",
				);
				PRODUCT_BUNDLE_IDENTIFIER = Wiz.HouseUITests;
				PRODUCT_NAME = "$(TARGET_NAME)";
				SWIFT_VERSION = 4.0;
				TARGETED_DEVICE_FAMILY = "1,2";
				TEST_TARGET_NAME = House;
			};
			name = Release;
		};
/* End XCBuildConfiguration section */

/* Begin XCConfigurationList section */
		49061A67213E6D840066EB7B /* Build configuration list for PBXProject "House" */ = {
			isa = XCConfigurationList;
			buildConfigurations = (
				49061A92213E6D870066EB7B /* Debug */,
				49061A93213E6D870066EB7B /* Release */,
			);
			defaultConfigurationIsVisible = 0;
			defaultConfigurationName = Release;
		};
		49061A94213E6D870066EB7B /* Build configuration list for PBXNativeTarget "House" */ = {
			isa = XCConfigurationList;
			buildConfigurations = (
				49061A95213E6D870066EB7B /* Debug */,
				49061A96213E6D870066EB7B /* Release */,
			);
			defaultConfigurationIsVisible = 0;
			defaultConfigurationName = Release;
		};
		49061A97213E6D870066EB7B /* Build configuration list for PBXNativeTarget "HouseTests" */ = {
			isa = XCConfigurationList;
			buildConfigurations = (
				49061A98213E6D870066EB7B /* Debug */,
				49061A99213E6D870066EB7B /* Release */,
			);
			defaultConfigurationIsVisible = 0;
			defaultConfigurationName = Release;
		};
		49061A9A213E6D870066EB7B /* Build configuration list for PBXNativeTarget "HouseUITests" */ = {
			isa = XCConfigurationList;
			buildConfigurations = (
				49061A9B213E6D870066EB7B /* Debug */,
				49061A9C213E6D870066EB7B /* Release */,
			);
			defaultConfigurationIsVisible = 0;
			defaultConfigurationName = Release;
		};
/* End XCConfigurationList section */
	};
	rootObject = 49061A64213E6D840066EB7B /* Project object */;
}
